
Microsoft Visual Studio Solution File, Format Version 12.00
# Visual Studio Version 16
VisualStudioVersion = 16.0.30907.101
MinimumVisualStudioVersion = 10.0.40219.1
Project("{FAE04EC0-301F-11D3-BF4B-00C04F79EFBC}") = "KinaviShop", "KinaviShop\KinaviShop.csproj", "{2865E43E-B0ED-4ACC-BA04-1EC2E7878E50}"
EndProject
Global
	GlobalSection(SolutionConfigurationPlatforms) = preSolution
		Debug|Any CPU = Debug|Any CPU
		Release|Any CPU = Release|Any CPU
	EndGlobalSection
	GlobalSection(ProjectConfigurationPlatforms) = postSolution
		{2865E43E-B0ED-4ACC-BA04-1EC2E7878E50}.Debug|Any CPU.ActiveCfg = Debug|Any CPU
		{2865E43E-B0ED-4ACC-BA04-1EC2E7878E50}.Debug|Any CPU.Build.0 = Debug|Any CPU
		{2865E43E-B0ED-4ACC-BA04-1EC2E7878E50}.Release|Any CPU.ActiveCfg = Release|Any CPU
		{2865E43E-B0ED-4ACC-BA04-1EC2E7878E50}.Release|Any CPU.Build.0 = Release|Any CPU
	EndGlobalSection
	GlobalSection(SolutionProperties) = preSolution
		HideSolutionNode = FALSE
	EndGlobalSection
	GlobalSection(ExtensibilityGlobals) = postSolution
		SolutionGuid = {D78056F3-CA75-4444-8DBF-40AB5D52BA66}
	EndGlobalSection
EndGlobal
